
Microsoft Visual Studio Solution File, Format Version 12.00
# Visual Studio Version 16
VisualStudioVersion = 16.0.32002.261
MinimumVisualStudioVersion = 10.0.40219.1
Project("{9A19103F-16F7-4668-BE54-9A1E7A4F7556}") = "MyCodegenerator", "MyCodegenerator\MyCodegenerator.csproj", "{C2DD5BB5-D539-4BD7-8DDA-FD0B9704E3A5}"
EndProject
Project("{2150E333-8FDC-42A3-9474-1A3956D46DE8}") = "01_Intro", "01_Intro", "{7CACEACE-0554-460C-88D0-FFFC09685E19}"
EndProject
Project("{2150E333-8FDC-42A3-9474-1A3956D46DE8}") = "02_Simple", "02_Simple", "{9B5CED6F-8A90-449B-AF62-9ECBBF7DF6DA}"
EndProject
Project("{2150E333-8FDC-42A3-9474-1A3956D46DE8}") = "03_ExtMetadata", "03_ExtMetadata", "{77577E52-F46F-4840-A05E-78852E60A499}"
EndProject
Project("{2150E333-8FDC-42A3-9474-1A3956D46DE8}") = "05_ExtAssembly", "05_ExtAssembly", "{FDB3B5BD-EEB5-4471-B3E1-92647486644B}"
EndProject
Project("{9A19103F-16F7-4668-BE54-9A1E7A4F7556}") = "MyCodegeneratorUsing", "MyCodegeneratorUsing\MyCodegeneratorUsing.csproj", "{0C609DAA-1BFA-4A40-9866-918D24731125}"
EndProject
Project("{9A19103F-16F7-4668-BE54-9A1E7A4F7556}") = "Simple_EnumWriteLine", "Simple_EnumWriteLine\Simple_EnumWriteLine.csproj", "{2A8F536D-0F91-4FBF-B6AF-CAA339B490F1}"
EndProject
Project("{9A19103F-16F7-4668-BE54-9A1E7A4F7556}") = "Simple_Class", "Simple_Class\Simple_Class.csproj", "{1C6B35CB-6C25-4D16-8459-8D5BFA823FE1}"
EndProject
Project("{9A19103F-16F7-4668-BE54-9A1E7A4F7556}") = "EnumByTxtFile", "EnumByTxtFile\EnumByTxtFile.csproj", "{3D7DEDC5-B422-4D2E-9F07-133CB61741C5}"
EndProject
Project("{9A19103F-16F7-4668-BE54-9A1E7A4F7556}") = "EnumByJsonFile", "EnumByJsonFile\EnumByJsonFile.csproj", "{25CF8E14-9376-4C9B-B164-39F7CA080329}"
EndProject
Project("{9A19103F-16F7-4668-BE54-9A1E7A4F7556}") = "ClassByDbTable", "ClassByDbTable\ClassByDbTable.csproj", "{7211FD6E-A54E-415B-8F60-01BBEFEB6DD3}"
EndProject
Project("{9A19103F-16F7-4668-BE54-9A1E7A4F7556}") = "EnumByDOM", "EnumByDOM\EnumByDOM.csproj", "{4824F6FC-3636-4288-94EF-71399AABDE03}"
EndProject
Project("{2150E333-8FDC-42A3-9474-1A3956D46DE8}") = "04_Service", "04_Service", "{9ED801CB-A029-4635-8664-202BC4DC9CFD}"
EndProject
Project("{9A19103F-16F7-4668-BE54-9A1E7A4F7556}") = "gRpcService", "gRpcService\gRpcService.csproj", "{091023D2-9643-4D48-B599-9BDE997FDB47}"
EndProject
Project("{FAE04EC0-301F-11D3-BF4B-00C04F79EFBC}") = "ExtAssembly_48", "ExtAssembly_48\ExtAssembly_48.csproj", "{5372B0C3-3AAC-420D-8EB9-E942DAB11E4C}"
EndProject
Project("{2150E333-8FDC-42A3-9474-1A3956D46DE8}") = "06_WhatElse", "06_WhatElse", "{D16346A9-533C-4274-96FD-6460A16FF037}"
EndProject
Project("{FAE04EC0-301F-11D3-BF4B-00C04F79EFBC}") = "WcfService48", "WcfService48\WcfService48.csproj", "{04384945-D1DB-4607-B27F-CC4F60D5EA61}"
EndProject
Project("{9A19103F-16F7-4668-BE54-9A1E7A4F7556}") = "FontFamilies", "FontFamilies\FontFamilies.csproj", "{B9E0A600-3086-4FB6-938E-1D4048984A3E}"
EndProject
Project("{FAE04EC0-301F-11D3-BF4B-00C04F79EFBC}") = "ExtAssemblyWcf_48", "ExtAssemblyWcf_48\ExtAssemblyWcf_48.csproj", "{3AF426D3-D85D-4E1E-9206-EDCB23D11A5F}"
EndProject
Project("{9A19103F-16F7-4668-BE54-9A1E7A4F7556}") = "RuntimeCodegenerator", "RuntimeCodegenerator\RuntimeCodegenerator.csproj", "{42CD11A1-B91C-4E64-9258-2B4542CDB418}"
EndProject
Project("{9A19103F-16F7-4668-BE54-9A1E7A4F7556}") = "Simple_Logger", "Simple_Logger\Simple_Logger.csproj", "{98C6371F-C034-419A-9D11-2C6B846511FB}"
EndProject
Project("{9A19103F-16F7-4668-BE54-9A1E7A4F7556}") = "BeginWithT4", "BeginWithT4\BeginWithT4.csproj", "{124A59CA-A726-4DB5-AC34-6C96C47F3563}"
EndProject
Project("{9A19103F-16F7-4668-BE54-9A1E7A4F7556}") = "Simple_TestBenchmark", "Simple_TestBenchmark\Simple_TestBenchmark.csproj", "{82CE9596-43EF-4251-8407-59BA1749B448}"
EndProject
Project("{9A19103F-16F7-4668-BE54-9A1E7A4F7556}") = "Simple_Enum", "Simple_Enum\Simple_Enum.csproj", "{63A8D2FC-E31D-45D3-8F9E-58E3CEBCD0B4}"
EndProject
Project("{2150E333-8FDC-42A3-9474-1A3956D46DE8}") = "Solution Items", "Solution Items", "{ABA06C84-B3ED-41AC-BFD8-DED86D18C392}"
	ProjectSection(SolutionItems) = preProject
		Mono.TextTemplate.bat = Mono.TextTemplate.bat
	EndProjectSection
EndProject
Global
	GlobalSection(SolutionConfigurationPlatforms) = preSolution
		Debug|Any CPU = Debug|Any CPU
		Release|Any CPU = Release|Any CPU
	EndGlobalSection
	GlobalSection(ProjectConfigurationPlatforms) = postSolution
		{C2DD5BB5-D539-4BD7-8DDA-FD0B9704E3A5}.Debug|Any CPU.ActiveCfg = Debug|Any CPU
		{C2DD5BB5-D539-4BD7-8DDA-FD0B9704E3A5}.Debug|Any CPU.Build.0 = Debug|Any CPU
		{C2DD5BB5-D539-4BD7-8DDA-FD0B9704E3A5}.Release|Any CPU.ActiveCfg = Release|Any CPU
		{C2DD5BB5-D539-4BD7-8DDA-FD0B9704E3A5}.Release|Any CPU.Build.0 = Release|Any CPU
		{0C609DAA-1BFA-4A40-9866-918D24731125}.Debug|Any CPU.ActiveCfg = Debug|Any CPU
		{0C609DAA-1BFA-4A40-9866-918D24731125}.Debug|Any CPU.Build.0 = Debug|Any CPU
		{0C609DAA-1BFA-4A40-9866-918D24731125}.Release|Any CPU.ActiveCfg = Release|Any CPU
		{0C609DAA-1BFA-4A40-9866-918D24731125}.Release|Any CPU.Build.0 = Release|Any CPU
		{2A8F536D-0F91-4FBF-B6AF-CAA339B490F1}.Debug|Any CPU.ActiveCfg = Debug|Any CPU
		{2A8F536D-0F91-4FBF-B6AF-CAA339B490F1}.Debug|Any CPU.Build.0 = Debug|Any CPU
		{2A8F536D-0F91-4FBF-B6AF-CAA339B490F1}.Release|Any CPU.ActiveCfg = Release|Any CPU
		{2A8F536D-0F91-4FBF-B6AF-CAA339B490F1}.Release|Any CPU.Build.0 = Release|Any CPU
		{1C6B35CB-6C25-4D16-8459-8D5BFA823FE1}.Debug|Any CPU.ActiveCfg = Debug|Any CPU
		{1C6B35CB-6C25-4D16-8459-8D5BFA823FE1}.Debug|Any CPU.Build.0 = Debug|Any CPU
		{1C6B35CB-6C25-4D16-8459-8D5BFA823FE1}.Release|Any CPU.ActiveCfg = Release|Any CPU
		{1C6B35CB-6C25-4D16-8459-8D5BFA823FE1}.Release|Any CPU.Build.0 = Release|Any CPU
		{3D7DEDC5-B422-4D2E-9F07-133CB61741C5}.Debug|Any CPU.ActiveCfg = Debug|Any CPU
		{3D7DEDC5-B422-4D2E-9F07-133CB61741C5}.Debug|Any CPU.Build.0 = Debug|Any CPU
		{3D7DEDC5-B422-4D2E-9F07-133CB61741C5}.Release|Any CPU.ActiveCfg = Release|Any CPU
		{3D7DEDC5-B422-4D2E-9F07-133CB61741C5}.Release|Any CPU.Build.0 = Release|Any CPU
		{25CF8E14-9376-4C9B-B164-39F7CA080329}.Debug|Any CPU.ActiveCfg = Debug|Any CPU
		{25CF8E14-9376-4C9B-B164-39F7CA080329}.Debug|Any CPU.Build.0 = Debug|Any CPU
		{25CF8E14-9376-4C9B-B164-39F7CA080329}.Release|Any CPU.ActiveCfg = Release|Any CPU
		{25CF8E14-9376-4C9B-B164-39F7CA080329}.Release|Any CPU.Build.0 = Release|Any CPU
		{7211FD6E-A54E-415B-8F60-01BBEFEB6DD3}.Debug|Any CPU.ActiveCfg = Debug|Any CPU
		{7211FD6E-A54E-415B-8F60-01BBEFEB6DD3}.Debug|Any CPU.Build.0 = Debug|Any CPU
		{7211FD6E-A54E-415B-8F60-01BBEFEB6DD3}.Release|Any CPU.ActiveCfg = Release|Any CPU
		{7211FD6E-A54E-415B-8F60-01BBEFEB6DD3}.Release|Any CPU.Build.0 = Release|Any CPU
		{4824F6FC-3636-4288-94EF-71399AABDE03}.Debug|Any CPU.ActiveCfg = Debug|Any CPU
		{4824F6FC-3636-4288-94EF-71399AABDE03}.Debug|Any CPU.Build.0 = Debug|Any CPU
		{4824F6FC-3636-4288-94EF-71399AABDE03}.Release|Any CPU.ActiveCfg = Release|Any CPU
		{4824F6FC-3636-4288-94EF-71399AABDE03}.Release|Any CPU.Build.0 = Release|Any CPU
		{091023D2-9643-4D48-B599-9BDE997FDB47}.Debug|Any CPU.ActiveCfg = Debug|Any CPU
		{091023D2-9643-4D48-B599-9BDE997FDB47}.Debug|Any CPU.Build.0 = Debug|Any CPU
		{091023D2-9643-4D48-B599-9BDE997FDB47}.Release|Any CPU.ActiveCfg = Release|Any CPU
		{091023D2-9643-4D48-B599-9BDE997FDB47}.Release|Any CPU.Build.0 = Release|Any CPU
		{5372B0C3-3AAC-420D-8EB9-E942DAB11E4C}.Debug|Any CPU.ActiveCfg = Debug|Any CPU
		{5372B0C3-3AAC-420D-8EB9-E942DAB11E4C}.Debug|Any CPU.Build.0 = Debug|Any CPU
		{5372B0C3-3AAC-420D-8EB9-E942DAB11E4C}.Release|Any CPU.ActiveCfg = Release|Any CPU
		{5372B0C3-3AAC-420D-8EB9-E942DAB11E4C}.Release|Any CPU.Build.0 = Release|Any CPU
		{04384945-D1DB-4607-B27F-CC4F60D5EA61}.Debug|Any CPU.ActiveCfg = Debug|Any CPU
		{04384945-D1DB-4607-B27F-CC4F60D5EA61}.Debug|Any CPU.Build.0 = Debug|Any CPU
		{04384945-D1DB-4607-B27F-CC4F60D5EA61}.Release|Any CPU.ActiveCfg = Release|Any CPU
		{04384945-D1DB-4607-B27F-CC4F60D5EA61}.Release|Any CPU.Build.0 = Release|Any CPU
		{B9E0A600-3086-4FB6-938E-1D4048984A3E}.Debug|Any CPU.ActiveCfg = Debug|Any CPU
		{B9E0A600-3086-4FB6-938E-1D4048984A3E}.Debug|Any CPU.Build.0 = Debug|Any CPU
		{B9E0A600-3086-4FB6-938E-1D4048984A3E}.Release|Any CPU.ActiveCfg = Release|Any CPU
		{B9E0A600-3086-4FB6-938E-1D4048984A3E}.Release|Any CPU.Build.0 = Release|Any CPU
		{3AF426D3-D85D-4E1E-9206-EDCB23D11A5F}.Debug|Any CPU.ActiveCfg = Debug|Any CPU
		{3AF426D3-D85D-4E1E-9206-EDCB23D11A5F}.Debug|Any CPU.Build.0 = Debug|Any CPU
		{3AF426D3-D85D-4E1E-9206-EDCB23D11A5F}.Release|Any CPU.ActiveCfg = Release|Any CPU
		{3AF426D3-D85D-4E1E-9206-EDCB23D11A5F}.Release|Any CPU.Build.0 = Release|Any CPU
		{42CD11A1-B91C-4E64-9258-2B4542CDB418}.Debug|Any CPU.ActiveCfg = Debug|Any CPU
		{42CD11A1-B91C-4E64-9258-2B4542CDB418}.Debug|Any CPU.Build.0 = Debug|Any CPU
		{42CD11A1-B91C-4E64-9258-2B4542CDB418}.Release|Any CPU.ActiveCfg = Release|Any CPU
		{42CD11A1-B91C-4E64-9258-2B4542CDB418}.Release|Any CPU.Build.0 = Release|Any CPU
		{98C6371F-C034-419A-9D11-2C6B846511FB}.Debug|Any CPU.ActiveCfg = Debug|Any CPU
		{98C6371F-C034-419A-9D11-2C6B846511FB}.Debug|Any CPU.Build.0 = Debug|Any CPU
		{98C6371F-C034-419A-9D11-2C6B846511FB}.Release|Any CPU.ActiveCfg = Release|Any CPU
		{98C6371F-C034-419A-9D11-2C6B846511FB}.Release|Any CPU.Build.0 = Release|Any CPU
		{124A59CA-A726-4DB5-AC34-6C96C47F3563}.Debug|Any CPU.ActiveCfg = Debug|Any CPU
		{124A59CA-A726-4DB5-AC34-6C96C47F3563}.Debug|Any CPU.Build.0 = Debug|Any CPU
		{124A59CA-A726-4DB5-AC34-6C96C47F3563}.Release|Any CPU.ActiveCfg = Release|Any CPU
		{124A59CA-A726-4DB5-AC34-6C96C47F3563}.Release|Any CPU.Build.0 = Release|Any CPU
		{82CE9596-43EF-4251-8407-59BA1749B448}.Debug|Any CPU.ActiveCfg = Debug|Any CPU
		{82CE9596-43EF-4251-8407-59BA1749B448}.Debug|Any CPU.Build.0 = Debug|Any CPU
		{82CE9596-43EF-4251-8407-59BA1749B448}.Release|Any CPU.ActiveCfg = Release|Any CPU
		{82CE9596-43EF-4251-8407-59BA1749B448}.Release|Any CPU.Build.0 = Release|Any CPU
		{63A8D2FC-E31D-45D3-8F9E-58E3CEBCD0B4}.Debug|Any CPU.ActiveCfg = Debug|Any CPU
		{63A8D2FC-E31D-45D3-8F9E-58E3CEBCD0B4}.Debug|Any CPU.Build.0 = Debug|Any CPU
		{63A8D2FC-E31D-45D3-8F9E-58E3CEBCD0B4}.Release|Any CPU.ActiveCfg = Release|Any CPU
		{63A8D2FC-E31D-45D3-8F9E-58E3CEBCD0B4}.Release|Any CPU.Build.0 = Release|Any CPU
	EndGlobalSection
	GlobalSection(SolutionProperties) = preSolution
		HideSolutionNode = FALSE
	EndGlobalSection
	GlobalSection(NestedProjects) = preSolution
		{C2DD5BB5-D539-4BD7-8DDA-FD0B9704E3A5} = {7CACEACE-0554-460C-88D0-FFFC09685E19}
		{0C609DAA-1BFA-4A40-9866-918D24731125} = {7CACEACE-0554-460C-88D0-FFFC09685E19}
		{2A8F536D-0F91-4FBF-B6AF-CAA339B490F1} = {9B5CED6F-8A90-449B-AF62-9ECBBF7DF6DA}
		{1C6B35CB-6C25-4D16-8459-8D5BFA823FE1} = {9B5CED6F-8A90-449B-AF62-9ECBBF7DF6DA}
		{3D7DEDC5-B422-4D2E-9F07-133CB61741C5} = {77577E52-F46F-4840-A05E-78852E60A499}
		{25CF8E14-9376-4C9B-B164-39F7CA080329} = {77577E52-F46F-4840-A05E-78852E60A499}
		{7211FD6E-A54E-415B-8F60-01BBEFEB6DD3} = {77577E52-F46F-4840-A05E-78852E60A499}
		{4824F6FC-3636-4288-94EF-71399AABDE03} = {77577E52-F46F-4840-A05E-78852E60A499}
		{091023D2-9643-4D48-B599-9BDE997FDB47} = {9ED801CB-A029-4635-8664-202BC4DC9CFD}
		{5372B0C3-3AAC-420D-8EB9-E942DAB11E4C} = {FDB3B5BD-EEB5-4471-B3E1-92647486644B}
		{04384945-D1DB-4607-B27F-CC4F60D5EA61} = {9ED801CB-A029-4635-8664-202BC4DC9CFD}
		{B9E0A600-3086-4FB6-938E-1D4048984A3E} = {D16346A9-533C-4274-96FD-6460A16FF037}
		{3AF426D3-D85D-4E1E-9206-EDCB23D11A5F} = {FDB3B5BD-EEB5-4471-B3E1-92647486644B}
		{42CD11A1-B91C-4E64-9258-2B4542CDB418} = {D16346A9-533C-4274-96FD-6460A16FF037}
		{98C6371F-C034-419A-9D11-2C6B846511FB} = {9B5CED6F-8A90-449B-AF62-9ECBBF7DF6DA}
		{124A59CA-A726-4DB5-AC34-6C96C47F3563} = {7CACEACE-0554-460C-88D0-FFFC09685E19}
		{82CE9596-43EF-4251-8407-59BA1749B448} = {9B5CED6F-8A90-449B-AF62-9ECBBF7DF6DA}
		{63A8D2FC-E31D-45D3-8F9E-58E3CEBCD0B4} = {9B5CED6F-8A90-449B-AF62-9ECBBF7DF6DA}
	EndGlobalSection
	GlobalSection(ExtensibilityGlobals) = postSolution
		SolutionGuid = {B3BF3691-58C1-4BED-9911-AF8F7D7675AB}
	EndGlobalSection
EndGlobal
